
Microsoft Visual Studio Solution File, Format Version 12.00
# Visual Studio Version 17
VisualStudioVersion = 17.7.34018.315
MinimumVisualStudioVersion = 10.0.40219.1
Project("{FAE04EC0-301F-11D3-BF4B-00C04F79EFBC}") = "Insycs_dev", "Insycs_dev\Insycs_dev.csproj", "{13282092-078B-46C4-B412-CB9B5201850A}"
EndProject
Global
	GlobalSection(SolutionConfigurationPlatforms) = preSolution
		Debug|Any CPU = Debug|Any CPU
		Release|Any CPU = Release|Any CPU
	EndGlobalSection
	GlobalSection(ProjectConfigurationPlatforms) = postSolution
		{13282092-078B-46C4-B412-CB9B5201850A}.Debug|Any CPU.ActiveCfg = Debug|Any CPU
		{13282092-078B-46C4-B412-CB9B5201850A}.Debug|Any CPU.Build.0 = Debug|Any CPU
		{13282092-078B-46C4-B412-CB9B5201850A}.Release|Any CPU.ActiveCfg = Release|Any CPU
		{13282092-078B-46C4-B412-CB9B5201850A}.Release|Any CPU.Build.0 = Release|Any CPU
	EndGlobalSection
	GlobalSection(SolutionProperties) = preSolution
		HideSolutionNode = FALSE
	EndGlobalSection
	GlobalSection(ExtensibilityGlobals) = postSolution
		SolutionGuid = {7FB9B317-4337-4283-A59A-ADA8AD726596}
	EndGlobalSection
EndGlobal
